[[package]]
name = "beautifulsoup4"
version = "4.12.2"
description = "Screen-scraping library"
category = "main"
optional = false
python-versions = ">=3.6.0"

[package.dependencies]
soupsieve = ">1.2"

[package.extras]
html5lib = ["html5lib"]
lxml = ["lxml"]

[[package]]
name = "cachetools"
version = "5.3.2"
description = "Extensible memoizing collections and decorators"
category = "main"
optional = false
python-versions = ">=3.7"

[[package]]
name = "certifi"
version = "2023.11.17"
description = "Python package for providing Mozilla's CA Bundle."
category = "main"
optional = false
python-versions = ">=3.6"

[[package]]
name = "chardet"
version = "5.2.0"
description = "Universal encoding detector for Python 3"
category = "main"
optional = false
python-versions = ">=3.7"

[[package]]
name = "charset-normalizer"
version = "3.3.2"
description = "The Real First Universal Charset Detector. Open, modern and actively maintained alternative to Chardet."
category = "main"
optional = false
python-versions = ">=3.7.0"

[[package]]
name = "cssselect"
version = "1.2.0"
description = "cssselect parses CSS3 Selectors and translates them to XPath 1.0"
category = "main"
optional = false
python-versions = ">=3.7"

[[package]]
name = "google-api-core"
version = "2.15.0"
description = "Google API client core library"
category = "main"
optional = false
python-versions = ">=3.7"

[package.dependencies]
google-auth = ">=2.14.1,<3.0.dev0"
googleapis-common-protos = ">=1.56.2,<2.0.dev0"
grpcio = [
    {version = ">=1.33.2,<2.0dev", optional = true, markers = "extra == \"grpc\""},
    {version = ">=1.49.1,<2.0dev", optional = true, markers = "python_version >= \"3.11\" or python_version >= \"3.11\" and extra == \"grpc\""},
]
grpcio-status = [
    {version = ">=1.33.2,<2.0.dev0", optional = true, markers = "extra == \"grpc\""},
    {version = ">=1.49.1,<2.0.dev0", optional = true, markers = "python_version >= \"3.11\" or python_version >= \"3.11\" and extra == \"grpc\""},
]
protobuf = ">=3.19.5,<3.20.0 || >3.20.0,<3.20.1 || >3.20.1,<4.21.0 || >4.21.0,<4.21.1 || >4.21.1,<4.21.2 || >4.21.2,<4.21.3 || >4.21.3,<4.21.4 || >4.21.4,<4.21.5 || >4.21.5,<5.0.0.dev0"
requests = ">=2.18.0,<3.0.0.dev0"

[package.extras]
grpc = ["grpcio (>=1.33.2,<2.0dev)", "grpcio-status (>=1.33.2,<2.0.dev0)", "grpcio (>=1.49.1,<2.0dev)", "grpcio-status (>=1.49.1,<2.0.dev0)"]
grpcgcp = ["grpcio-gcp (>=0.2.2,<1.0.dev0)"]
grpcio-gcp = ["grpcio-gcp (>=0.2.2,<1.0.dev0)"]

[[package]]
name = "google-auth"
version = "2.26.1"
description = "Google Authentication Library"
category = "main"
optional = false
python-versions = ">=3.7"

[package.dependencies]
cachetools = ">=2.0.0,<6.0"
pyasn1-modules = ">=0.2.1"
rsa = ">=3.1.4,<5"

[package.extras]
aiohttp = ["aiohttp (>=3.6.2,<4.0.0.dev0)", "requests (>=2.20.0,<3.0.0.dev0)"]
enterprise_cert = ["cryptography (==36.0.2)", "pyopenssl (==22.0.0)"]
pyopenssl = ["pyopenssl (>=20.0.0)", "cryptography (>=38.0.3)"]
reauth = ["pyu2f (>=0.1.5)"]
requests = ["requests (>=2.20.0,<3.0.0.dev0)"]

[[package]]
name = "google-cloud-aiplatform"
version = "1.38.1"
description = "Vertex AI API client library"
category = "main"
optional = false
python-versions = ">=3.8"

[package.dependencies]
google-api-core = {version = ">=1.32.0,<2.0.0 || >=2.8.0,<3.0.0dev", extras = ["grpc"]}
google-cloud-bigquery = ">=1.15.0,<4.0.0dev"
google-cloud-resource-manager = ">=1.3.3,<3.0.0dev"
google-cloud-storage = ">=1.32.0,<3.0.0dev"
packaging = ">=14.3"
proto-plus = ">=1.22.0,<2.0.0dev"
protobuf = ">=3.19.5,<3.20.0 || >3.20.0,<3.20.1 || >3.20.1,<4.21.0 || >4.21.0,<4.21.1 || >4.21.1,<4.21.2 || >4.21.2,<4.21.3 || >4.21.3,<4.21.4 || >4.21.4,<4.21.5 || >4.21.5,<5.0.0dev"
shapely = "<3.0.0dev"

[package.extras]
autologging = ["mlflow (>=1.27.0,<=2.1.1)"]
cloud_profiler = ["tensorboard-plugin-profile (>=2.4.0,<3.0.0dev)", "werkzeug (>=2.0.0,<2.1.0dev)", "tensorflow (>=2.4.0,<3.0.0dev)"]
datasets = ["pyarrow (>=3.0.0,<8.0dev)", "pyarrow (>=10.0.1)"]
endpoint = ["requests (>=2.28.1)"]
full = ["urllib3 (>=1.21.1,<1.27)", "pyyaml (==5.3.1)", "numpy (>=1.15.0)", "google-cloud-bigquery", "cloudpickle (<3.0)", "httpx (>=0.23.0,<0.25.0)", "explainable-ai-sdk (>=1.0.0)", "tensorflow (>=2.3.0,<3.0.0dev)", "requests (>=2.28.1)", "pandas (>=1.0.0)", "pydantic (<2)", "docker (>=5.0.3)", "google-cloud-logging (<4.0)", "google-cloud-bigquery-storage", "fastapi (>=0.71.0,<0.103.1)", "starlette (>=0.17.1)", "mlflow (>=1.27.0,<=2.1.1)", "pyarrow (>=6.0.1)", "uvicorn[standard] (>=0.16.0)", "lit-nlp (==0.4.0)", "pyarrow (>=3.0.0,<8.0dev)", "ray[default] (>=2.4,<2.5)", "google-vizier (>=0.0.14)", "google-vizier (==0.0.4)", "google-vizier (==0.0.11)", "ray[default] (>=2.5,<2.5.1)", "pyarrow (>=10.0.1)", "google-vizier (>=0.1.6)"]
lit = ["tensorflow (>=2.3.0,<3.0.0dev)", "pandas (>=1.0.0)", "lit-nlp (==0.4.0)", "explainable-ai-sdk (>=1.0.0)"]
metadata = ["pandas (>=1.0.0)", "numpy (>=1.15.0)"]
pipelines = ["pyyaml (==5.3.1)"]
prediction = ["docker (>=5.0.3)", "fastapi (>=0.71.0,<0.103.1)", "httpx (>=0.23.0,<0.25.0)", "starlette (>=0.17.1)", "uvicorn[standard] (>=0.16.0)"]
preview = ["cloudpickle (<3.0)", "google-cloud-logging (<4.0)"]
private_endpoints = ["urllib3 (>=1.21.1,<1.27)", "requests (>=2.28.1)"]
ray = ["google-cloud-bigquery-storage", "google-cloud-bigquery", "pandas (>=1.0.0)", "pyarrow (>=6.0.1)", "pydantic (<2)", "ray[default] (>=2.4,<2.5)", "ray[default] (>=2.5,<2.5.1)"]
tensorboard = ["tensorflow (>=2.3.0,<3.0.0dev)"]
testing = ["urllib3 (>=1.21.1,<1.27)", "pyyaml (==5.3.1)", "numpy (>=1.15.0)", "google-cloud-bigquery", "cloudpickle (<3.0)", "httpx (>=0.23.0,<0.25.0)", "explainable-ai-sdk (>=1.0.0)", "tensorflow (>=2.3.0,<3.0.0dev)", "requests (>=2.28.1)", "pandas (>=1.0.0)", "pydantic (<2)", "docker (>=5.0.3)", "google-cloud-logging (<4.0)", "google-cloud-bigquery-storage", "fastapi (>=0.71.0,<0.103.1)", "starlette (>=0.17.1)", "mlflow (>=1.27.0,<=2.1.1)", "pyarrow (>=6.0.1)", "uvicorn[standard] (>=0.16.0)", "lit-nlp (==0.4.0)", "tensorboard-plugin-profile (>=2.4.0,<3.0.0dev)", "werkzeug (>=2.0.0,<2.1.0dev)", "tensorflow (>=2.4.0,<3.0.0dev)", "grpcio-testing", "ipython", "kfp", "pyfakefs", "pytest-asyncio", "pytest-xdist", "scikit-learn", "tensorflow (>=2.3.0,<=2.12.0)", "torch (>=2.0.0,<2.1.0)", "xgboost", "xgboost-ray", "requests-toolbelt (<1.0.0)", "pyarrow (>=3.0.0,<8.0dev)", "ray[default] (>=2.4,<2.5)", "google-vizier (>=0.0.14)", "google-vizier (==0.0.4)", "google-vizier (==0.0.11)", "bigframes", "ray[default] (>=2.5,<2.5.1)", "pyarrow (>=10.0.1)", "google-vizier (>=0.1.6)"]
vizier = ["google-vizier (>=0.0.14)", "google-vizier (==0.0.4)", "google-vizier (==0.0.11)", "google-vizier (>=0.1.6)"]
xai = ["tensorflow (>=2.3.0,<3.0.0dev)"]

[[package]]
name = "google-cloud-bigquery"
version = "3.14.1"
description = "Google BigQuery API client library"
category = "main"
optional = false
python-versions = ">=3.7"

[package.dependencies]
google-api-core = ">=1.31.5,<2.0.0 || >2.3.0,<3.0.0dev"
google-cloud-core = ">=1.6.0,<3.0.0dev"
google-resumable-media = ">=0.6.0,<3.0dev"
packaging = ">=20.0.0"
python-dateutil = ">=2.7.2,<3.0dev"
requests = ">=2.21.0,<3.0.0dev"

[package.extras]
all = ["google-cloud-bigquery-storage (>=2.6.0,<3.0.0dev)", "grpcio (>=1.47.0,<2.0dev)", "pyarrow (>=3.0.0)", "pandas (>=1.1.0)", "db-dtypes (>=0.3.0,<2.0.0dev)", "ipywidgets (>=7.7.0)", "ipykernel (>=6.0.0)", "geopandas (>=0.9.0,<1.0dev)", "Shapely (>=1.8.4,<3.0.0dev)", "ipython (>=7.23.1,!=8.1.0)", "tqdm (>=4.7.4,<5.0.0dev)", "opentelemetry-api (>=1.1.0)", "opentelemetry-sdk (>=1.1.0)", "opentelemetry-instrumentation (>=0.20b0)", "proto-plus (>=1.15.0,<2.0.0dev)", "protobuf (>=3.19.5,!=3.20.0,!=3.20.1,!=4.21.0,!=4.21.1,!=4.21.2,!=4.21.3,!=4.21.4,!=4.21.5,<5.0.0dev)", "importlib-metadata (>=1.0.0)", "grpcio (>=1.49.1,<2.0dev)"]
bigquery_v2 = ["proto-plus (>=1.15.0,<2.0.0dev)", "protobuf (>=3.19.5,!=3.20.0,!=3.20.1,!=4.21.0,!=4.21.1,!=4.21.2,!=4.21.3,!=4.21.4,!=4.21.5,<5.0.0dev)"]
bqstorage = ["google-cloud-bigquery-storage (>=2.6.0,<3.0.0dev)", "grpcio (>=1.47.0,<2.0dev)", "pyarrow (>=3.0.0)", "grpcio (>=1.49.1,<2.0dev)"]
geopandas = ["geopandas (>=0.9.0,<1.0dev)", "Shapely (>=1.8.4,<3.0.0dev)"]
ipython = ["ipython (>=7.23.1,!=8.1.0)", "ipykernel (>=6.0.0)"]
ipywidgets = ["ipywidgets (>=7.7.0)", "ipykernel (>=6.0.0)"]
opentelemetry = ["opentelemetry-api (>=1.1.0)", "opentelemetry-sdk (>=1.1.0)", "opentelemetry-instrumentation (>=0.20b0)"]
pandas = ["pandas (>=1.1.0)", "pyarrow (>=3.0.0)", "db-dtypes (>=0.3.0,<2.0.0dev)", "importlib-metadata (>=1.0.0)"]
tqdm = ["tqdm (>=4.7.4,<5.0.0dev)"]

[[package]]
name = "google-cloud-core"
version = "2.4.1"
description = "Google Cloud API client core library"
category = "main"
optional = false
python-versions = ">=3.7"

[package.dependencies]
google-api-core = ">=1.31.6,<2.0.0 || >2.3.0,<3.0.0dev"
google-auth = ">=1.25.0,<3.0dev"

[package.extras]
grpc = ["grpcio (>=1.38.0,<2.0dev)", "grpcio-status (>=1.38.0,<2.0.dev0)"]

[[package]]
name = "google-cloud-resource-manager"
version = "1.11.0"
description = "Google Cloud Resource Manager API client library"
category = "main"
optional = false
python-versions = ">=3.7"

[package.dependencies]
google-api-core = {version = ">=1.34.0,<2.0.0 || >=2.11.0,<3.0.0dev", extras = ["grpc"]}
grpc-google-iam-v1 = ">=0.12.4,<1.0.0dev"
proto-plus = ">=1.22.3,<2.0.0dev"
protobuf = ">=3.19.5,<3.20.0 || >3.20.0,<3.20.1 || >3.20.1,<4.21.0 || >4.21.0,<4.21.1 || >4.21.1,<4.21.2 || >4.21.2,<4.21.3 || >4.21.3,<4.21.4 || >4.21.4,<4.21.5 || >4.21.5,<5.0.0dev"

[[package]]
name = "google-cloud-storage"
version = "2.14.0"
description = "Google Cloud Storage API client library"
category = "main"
optional = false
python-versions = ">=3.7"

[package.dependencies]
google-api-core = ">=1.31.5,<2.0.0 || >2.3.0,<3.0.0dev"
google-auth = ">=2.23.3,<3.0dev"
google-cloud-core = ">=2.3.0,<3.0dev"
google-crc32c = ">=1.0,<2.0dev"
google-resumable-media = ">=2.6.0"
requests = ">=2.18.0,<3.0.0dev"

[package.extras]
protobuf = ["protobuf (<5.0.0dev)"]

[[package]]
name = "google-crc32c"
version = "1.5.0"
description = "A python wrapper of the C library 'Google CRC32C'"
category = "main"
optional = false
python-versions = ">=3.7"

[package.extras]
testing = ["pytest"]

[[package]]
name = "google-resumable-media"
version = "2.7.0"
description = "Utilities for Google Media Downloads and Resumable Uploads"
category = "main"
optional = false
python-versions = ">= 3.7"

[package.dependencies]
google-crc32c = ">=1.0,<2.0dev"

[package.extras]
aiohttp = ["aiohttp (>=3.6.2,<4.0.0dev)", "google-auth (>=1.22.0,<2.0dev)"]
requests = ["requests (>=2.18.0,<3.0.0dev)"]

[[package]]
name = "googleapis-common-protos"
version = "1.62.0"
description = "Common protobufs used in Google APIs"
category = "main"
optional = false
python-versions = ">=3.7"

[package.dependencies]
grpcio = {version = ">=1.44.0,<2.0.0.dev0", optional = true, markers = "extra == \"grpc\""}
protobuf = ">=3.19.5,<3.20.0 || >3.20.0,<3.20.1 || >3.20.1,<4.21.1 || >4.21.1,<4.21.2 || >4.21.2,<4.21.3 || >4.21.3,<4.21.4 || >4.21.4,<4.21.5 || >4.21.5,<5.0.0.dev0"

[package.extras]
grpc = ["grpcio (>=1.44.0,<2.0.0.dev0)"]

[[package]]
name = "grpc-google-iam-v1"
version = "0.13.0"
description = "IAM API client library"
category = "main"
optional = false
python-versions = ">=3.7"

[package.dependencies]
googleapis-common-protos = {version = ">=1.56.0,<2.0.0dev", extras = ["grpc"]}
grpcio = ">=1.44.0,<2.0.0dev"
protobuf = ">=3.19.5,<3.20.0 || >3.20.0,<3.20.1 || >3.20.1,<4.21.1 || >4.21.1,<4.21.2 || >4.21.2,<4.21.3 || >4.21.3,<4.21.4 || >4.21.4,<4.21.5 || >4.21.5,<5.0.0dev"

[[package]]
name = "grpcio"
version = "1.60.0"
description = "HTTP/2-based RPC framework"
category = "main"
optional = false
python-versions = ">=3.7"

[package.extras]
protobuf = ["grpcio-tools (>=1.60.0)"]

[[package]]
name = "grpcio-status"
version = "1.60.0"
description = "Status proto mapping for gRPC"
category = "main"
optional = false
python-versions = ">=3.6"

[package.dependencies]
googleapis-common-protos = ">=1.5.5"
grpcio = ">=1.60.0"
protobuf = ">=4.21.6"

[[package]]
name = "idna"
version = "3.6"
description = "Internationalized Domain Names in Applications (IDNA)"
category = "main"
optional = false
python-versions = ">=3.5"

[[package]]
name = "lxml"
version = "5.0.0"
description = "Powerful and Pythonic XML processing library combining libxml2/libxslt with the ElementTree API."
category = "main"
optional = false
python-versions = ">=2.7, !=3.0.*, !=3.1.*, !=3.2.*, !=3.3.*, != 3.4.*"

[package.extras]
source = ["Cython (>=3.0.7)"]
cssselect = ["cssselect (>=0.7)"]
html5 = ["html5lib"]
htmlsoup = ["beautifulsoup4"]

[[package]]
name = "numpy"
version = "1.26.3"
description = "Fundamental package for array computing in Python"
category = "main"
optional = false
python-versions = ">=3.9"

[[package]]
name = "packaging"
version = "23.2"
description = "Core utilities for Python packages"
category = "main"
optional = false
python-versions = ">=3.7"

[[package]]
name = "proto-plus"
version = "1.23.0"
description = "Beautiful, Pythonic protocol buffers."
category = "main"
optional = false
python-versions = ">=3.6"

[package.dependencies]
protobuf = ">=3.19.0,<5.0.0dev"

[package.extras]
testing = ["google-api-core[grpc] (>=1.31.5)"]

[[package]]
name = "protobuf"
version = "4.25.1"
description = ""
category = "main"
optional = false
python-versions = ">=3.8"

[[package]]
name = "pyasn1"
version = "0.5.1"
description = "Pure-Python implementation of ASN.1 types and DER/BER/CER codecs (X.208)"
category = "main"
optional = false
python-versions = "!=3.0.*,!=3.1.*,!=3.2.*,!=3.3.*,!=3.4.*,!=3.5.*,>=2.7"

[[package]]
name = "pyasn1-modules"
version = "0.3.0"
description = "A collection of ASN.1-based protocols modules"
category = "main"
optional = false
python-versions = "!=3.0.*,!=3.1.*,!=3.2.*,!=3.3.*,!=3.4.*,!=3.5.*,>=2.7"

[package.dependencies]
pyasn1 = ">=0.4.6,<0.6.0"

[[package]]
name = "pytelegrambotapi"
version = "4.14.1"
description = "Python Telegram bot api."
category = "main"
optional = false
python-versions = "*"

[package.dependencies]
requests = "*"

[package.extras]
PIL = ["pillow"]
aiohttp = ["aiohttp"]
aioredis = ["aioredis"]
coloredlogs = ["coloredlogs"]
fastapi = ["fastapi"]
json = ["ujson"]
psutil = ["psutil"]
redis = ["redis (>=3.4.1)"]
uvicorn = ["uvicorn"]
watchdog = ["watchdog"]

[[package]]
name = "python-dateutil"
version = "2.8.2"
description = "Extensions to the standard Python datetime module"
category = "main"
optional = false
python-versions = "!=3.0.*,!=3.1.*,!=3.2.*,>=2.7"

[package.dependencies]
six = ">=1.5"

[[package]]
name = "python-dotenv"
version = "1.0.0"
description = "Read key-value pairs from a .env file and set them as environment variables"
category = "main"
optional = false
python-versions = ">=3.8"

[package.extras]
cli = ["click (>=5.0)"]

[[package]]
name = "readability-lxml"
version = "0.8.1"
description = "fast html to text parser (article readability tool) with python 3 support"
category = "main"
optional = false
python-versions = "*"

[package.dependencies]
chardet = "*"
cssselect = "*"
lxml = "*"

[package.extras]
test = ["timeout-decorator"]

[[package]]
name = "requests"
version = "2.31.0"
description = "Python HTTP for Humans."
category = "main"
optional = false
python-versions = ">=3.7"

[package.dependencies]
certifi = ">=2017.4.17"
charset-normalizer = ">=2,<4"
idna = ">=2.5,<4"
urllib3 = ">=1.21.1,<3"

[package.extras]
socks = ["PySocks (>=1.5.6,!=1.5.7)"]
use_chardet_on_py3 = ["chardet (>=3.0.2,<6)"]

[[package]]
name = "rsa"
version = "4.9"
description = "Pure-Python RSA implementation"
category = "main"
optional = false
python-versions = ">=3.6,<4"

[package.dependencies]
pyasn1 = ">=0.1.3"

[[package]]
name = "shapely"
version = "2.0.2"
description = "Manipulation and analysis of geometric objects"
category = "main"
optional = false
python-versions = ">=3.7"

[package.dependencies]
numpy = ">=1.14"

[package.extras]
docs = ["numpydoc (>=1.1.0,<1.2.0)", "matplotlib", "sphinx", "sphinx-book-theme", "sphinx-remove-toctrees"]
test = ["pytest", "pytest-cov"]

[[package]]
name = "six"
version = "1.16.0"
description = "Python 2 and 3 compatibility utilities"
category = "main"
optional = false
python-versions = ">=2.7, !=3.0.*, !=3.1.*, !=3.2.*"

[[package]]
name = "soupsieve"
version = "2.5"
description = "A modern CSS selector implementation for Beautiful Soup."
category = "main"
optional = false
python-versions = ">=3.8"

[[package]]
name = "urllib3"
version = "1.26.18"
description = "HTTP library with thread-safe connection pooling, file post, and more."
category = "main"
optional = false
python-versions = ">=2.7, !=3.0.*, !=3.1.*, !=3.2.*, !=3.3.*, !=3.4.*, !=3.5.*"

[package.extras]
brotli = ["brotlicffi (>=0.8.0)", "brotli (==1.0.9)", "brotlipy (>=0.6.0)", "brotli (>=1.0.9)"]
secure = ["pyOpenSSL (>=0.14)", "cryptography (>=1.3.4)", "idna (>=2.0.0)", "certifi", "urllib3-secure-extra", "ipaddress"]
socks = ["PySocks (>=1.5.6,!=1.5.7,<2.0)"]

[metadata]
lock-version = "1.1"
python-versions = "^3.9"
content-hash = "7b98838fb6adeeaa10098d969bb90a5a851b4397fc6dbdd6504d666aff536952"

[metadata.files]
beautifulsoup4 = []
cachetools = []
certifi = []
chardet = []
charset-normalizer = []
cssselect = []
google-api-core = []
google-auth = []
google-cloud-aiplatform = []
google-cloud-bigquery = []
google-cloud-core = []
google-cloud-resource-manager = []
google-cloud-storage = []
google-crc32c = []
google-resumable-media = []
googleapis-common-protos = []
grpc-google-iam-v1 = []
grpcio = []
grpcio-status = []
idna = []
lxml = []
numpy = []
packaging = []
proto-plus = []
protobuf = []
pyasn1 = []
pyasn1-modules = []
pytelegrambotapi = []
python-dateutil = []
python-dotenv = []
readability-lxml = []
requests = []
rsa = []
shapely = []
six = []
soupsieve = []
urllib3 = []
